
Microsoft Visual Studio Solution File, Format Version 12.00
# Visual Studio Version 16
VisualStudioVersion = 16.0.32126.315
MinimumVisualStudioVersion = 10.0.40219.1
Project("{9A19103F-16F7-4668-BE54-9A1E7A4F7556}") = "RestAPI", "RestAPI.csproj", "{892A52B3-DEBE-4EC6-A169-0C3B6EE8A579}"
EndProject
Project("{2150E333-8FDC-42A3-9474-1A3956D46DE8}") = "Libraries", "Libraries", "{D90EC7D3-01B7-4CC7-A248-30B1F0744711}"
EndProject
Project("{FAE04EC0-301F-11D3-BF4B-00C04F79EFBC}") = "Core", "..\Core\Core.csproj", "{9F425036-5043-41D5-8E49-DD75FAFB6BC7}"
EndProject
Project("{FAE04EC0-301F-11D3-BF4B-00C04F79EFBC}") = "Services", "..\Services\Services.csproj", "{6C6E09A2-C791-4E95-AB08-38792072AA3B}"
EndProject
Global
	GlobalSection(SolutionConfigurationPlatforms) = preSolution
		Debug|Any CPU = Debug|Any CPU
		Release|Any CPU = Release|Any CPU
	EndGlobalSection
	GlobalSection(ProjectConfigurationPlatforms) = postSolution
		{892A52B3-DEBE-4EC6-A169-0C3B6EE8A579}.Debug|Any CPU.ActiveCfg = Debug|Any CPU
		{892A52B3-DEBE-4EC6-A169-0C3B6EE8A579}.Debug|Any CPU.Build.0 = Debug|Any CPU
		{892A52B3-DEBE-4EC6-A169-0C3B6EE8A579}.Release|Any CPU.ActiveCfg = Release|Any CPU
		{892A52B3-DEBE-4EC6-A169-0C3B6EE8A579}.Release|Any CPU.Build.0 = Release|Any CPU
		{9F425036-5043-41D5-8E49-DD75FAFB6BC7}.Debug|Any CPU.ActiveCfg = Debug|Any CPU
		{9F425036-5043-41D5-8E49-DD75FAFB6BC7}.Debug|Any CPU.Build.0 = Debug|Any CPU
		{9F425036-5043-41D5-8E49-DD75FAFB6BC7}.Release|Any CPU.ActiveCfg = Release|Any CPU
		{9F425036-5043-41D5-8E49-DD75FAFB6BC7}.Release|Any CPU.Build.0 = Release|Any CPU
		{6C6E09A2-C791-4E95-AB08-38792072AA3B}.Debug|Any CPU.ActiveCfg = Debug|Any CPU
		{6C6E09A2-C791-4E95-AB08-38792072AA3B}.Debug|Any CPU.Build.0 = Debug|Any CPU
		{6C6E09A2-C791-4E95-AB08-38792072AA3B}.Release|Any CPU.ActiveCfg = Release|Any CPU
		{6C6E09A2-C791-4E95-AB08-38792072AA3B}.Release|Any CPU.Build.0 = Release|Any CPU
	EndGlobalSection
	GlobalSection(SolutionProperties) = preSolution
		HideSolutionNode = FALSE
	EndGlobalSection
	GlobalSection(NestedProjects) = preSolution
		{9F425036-5043-41D5-8E49-DD75FAFB6BC7} = {D90EC7D3-01B7-4CC7-A248-30B1F0744711}
		{6C6E09A2-C791-4E95-AB08-38792072AA3B} = {D90EC7D3-01B7-4CC7-A248-30B1F0744711}
	EndGlobalSection
	GlobalSection(ExtensibilityGlobals) = postSolution
		SolutionGuid = {665ED9B9-1A18-4ECB-81E4-E66E74F636BB}
	EndGlobalSection
EndGlobal
